
Microsoft Visual Studio Solution File, Format Version 12.00
# Visual Studio Version 17
VisualStudioVersion = 17.3.32922.545
MinimumVisualStudioVersion = 10.0.40219.1
Project("{FAE04EC0-301F-11D3-BF4B-00C04F79EFBC}") = "task12", "task12\task12.csproj", "{3E1C3AD8-2885-45C3-821B-AFE9A3D41E18}"
EndProject
Global
	GlobalSection(SolutionConfigurationPlatforms) = preSolution
		Debug|Any CPU = Debug|Any CPU
		Release|Any CPU = Release|Any CPU
	EndGlobalSection
	GlobalSection(ProjectConfigurationPlatforms) = postSolution
		{3E1C3AD8-2885-45C3-821B-AFE9A3D41E18}.Debug|Any CPU.ActiveCfg = Debug|Any CPU
		{3E1C3AD8-2885-45C3-821B-AFE9A3D41E18}.Debug|Any CPU.Build.0 = Debug|Any CPU
		{3E1C3AD8-2885-45C3-821B-AFE9A3D41E18}.Release|Any CPU.ActiveCfg = Release|Any CPU
		{3E1C3AD8-2885-45C3-821B-AFE9A3D41E18}.Release|Any CPU.Build.0 = Release|Any CPU
	EndGlobalSection
	GlobalSection(SolutionProperties) = preSolution
		HideSolutionNode = FALSE
	EndGlobalSection
	GlobalSection(ExtensibilityGlobals) = postSolution
		SolutionGuid = {B54F2913-9713-4979-8C82-5B9CD32AD1FD}
	EndGlobalSection
EndGlobal
